
Microsoft Visual Studio Solution File, Format Version 12.00
# Visual Studio Version 17
VisualStudioVersion = 17.8.34322.80
MinimumVisualStudioVersion = 10.0.40219.1
Project("{FAE04EC0-301F-11D3-BF4B-00C04F79EFBC}") = "Fractional knapsack", "Fractional knapsack\Fractional knapsack.csproj", "{485546EE-B83C-4650-83BD-6ABB3EE483E4}"
EndProject
Global
	GlobalSection(SolutionConfigurationPlatforms) = preSolution
		Debug|Any CPU = Debug|Any CPU
		Release|Any CPU = Release|Any CPU
	EndGlobalSection
	GlobalSection(ProjectConfigurationPlatforms) = postSolution
		{485546EE-B83C-4650-83BD-6ABB3EE483E4}.Debug|Any CPU.ActiveCfg = Debug|Any CPU
		{485546EE-B83C-4650-83BD-6ABB3EE483E4}.Debug|Any CPU.Build.0 = Debug|Any CPU
		{485546EE-B83C-4650-83BD-6ABB3EE483E4}.Release|Any CPU.ActiveCfg = Release|Any CPU
		{485546EE-B83C-4650-83BD-6ABB3EE483E4}.Release|Any CPU.Build.0 = Release|Any CPU
	EndGlobalSection
	GlobalSection(SolutionProperties) = preSolution
		HideSolutionNode = FALSE
	EndGlobalSection
	GlobalSection(ExtensibilityGlobals) = postSolution
		SolutionGuid = {B9EC2EA2-D239-40E3-BE69-23600D0F4E22}
	EndGlobalSection
EndGlobal
